
Microsoft Visual Studio Solution File, Format Version 12.00
# Visual Studio 15
VisualStudioVersion = 15.0.26124.0
MinimumVisualStudioVersion = 15.0.26124.0
Project("{2150E333-8FDC-42A3-9474-1A3956D46DE8}") = "src", "src", "{B0C8A432-C67A-4061-80E4-685F676FBD78}"
EndProject
Project("{2150E333-8FDC-42A3-9474-1A3956D46DE8}") = "NADS", "NADS", "{5092F55E-3AE3-400F-B90A-1A360C0E93C3}"
EndProject
Project("{FAE04EC0-301F-11D3-BF4B-00C04F79EFBC}") = "NADS", "src\NADS\NADS\NADS.csproj", "{629F24D4-A89B-4BBE-AE45-883166E10F5B}"
EndProject
Project("{FAE04EC0-301F-11D3-BF4B-00C04F79EFBC}") = "NADS.Base", "src\NADS\NADS.Base\NADS.Base.csproj", "{258662ED-00F3-419B-8376-82E55C1B31B3}"
EndProject
Project("{FAE04EC0-301F-11D3-BF4B-00C04F79EFBC}") = "Test", "src\Test\Test.csproj", "{AF16B827-D20C-4EAE-AFE5-E8A5BCD285B0}"
EndProject
Project("{FAE04EC0-301F-11D3-BF4B-00C04F79EFBC}") = "NADS.Comments", "src\NADS\NADS.Comments\NADS.Comments.csproj", "{5E032AC7-579C-40E2-B3E6-487F1FCFBBC8}"
EndProject
Global
	GlobalSection(SolutionConfigurationPlatforms) = preSolution
		Debug|Any CPU = Debug|Any CPU
		Debug|x64 = Debug|x64
		Debug|x86 = Debug|x86
		Release|Any CPU = Release|Any CPU
		Release|x64 = Release|x64
		Release|x86 = Release|x86
	EndGlobalSection
	GlobalSection(SolutionProperties) = preSolution
		HideSolutionNode = FALSE
	EndGlobalSection
	GlobalSection(ProjectConfigurationPlatforms) = postSolution
		{629F24D4-A89B-4BBE-AE45-883166E10F5B}.Debug|Any CPU.ActiveCfg = Debug|Any CPU
		{629F24D4-A89B-4BBE-AE45-883166E10F5B}.Debug|Any CPU.Build.0 = Debug|Any CPU
		{629F24D4-A89B-4BBE-AE45-883166E10F5B}.Debug|x64.ActiveCfg = Debug|x64
		{629F24D4-A89B-4BBE-AE45-883166E10F5B}.Debug|x64.Build.0 = Debug|x64
		{629F24D4-A89B-4BBE-AE45-883166E10F5B}.Debug|x86.ActiveCfg = Debug|x86
		{629F24D4-A89B-4BBE-AE45-883166E10F5B}.Debug|x86.Build.0 = Debug|x86
		{629F24D4-A89B-4BBE-AE45-883166E10F5B}.Release|Any CPU.ActiveCfg = Release|Any CPU
		{629F24D4-A89B-4BBE-AE45-883166E10F5B}.Release|Any CPU.Build.0 = Release|Any CPU
		{629F24D4-A89B-4BBE-AE45-883166E10F5B}.Release|x64.ActiveCfg = Release|x64
		{629F24D4-A89B-4BBE-AE45-883166E10F5B}.Release|x64.Build.0 = Release|x64
		{629F24D4-A89B-4BBE-AE45-883166E10F5B}.Release|x86.ActiveCfg = Release|x86
		{629F24D4-A89B-4BBE-AE45-883166E10F5B}.Release|x86.Build.0 = Release|x86
		{258662ED-00F3-419B-8376-82E55C1B31B3}.Debug|Any CPU.ActiveCfg = Debug|Any CPU
		{258662ED-00F3-419B-8376-82E55C1B31B3}.Debug|Any CPU.Build.0 = Debug|Any CPU
		{258662ED-00F3-419B-8376-82E55C1B31B3}.Debug|x64.ActiveCfg = Debug|x64
		{258662ED-00F3-419B-8376-82E55C1B31B3}.Debug|x64.Build.0 = Debug|x64
		{258662ED-00F3-419B-8376-82E55C1B31B3}.Debug|x86.ActiveCfg = Debug|x86
		{258662ED-00F3-419B-8376-82E55C1B31B3}.Debug|x86.Build.0 = Debug|x86
		{258662ED-00F3-419B-8376-82E55C1B31B3}.Release|Any CPU.ActiveCfg = Release|Any CPU
		{258662ED-00F3-419B-8376-82E55C1B31B3}.Release|Any CPU.Build.0 = Release|Any CPU
		{258662ED-00F3-419B-8376-82E55C1B31B3}.Release|x64.ActiveCfg = Release|x64
		{258662ED-00F3-419B-8376-82E55C1B31B3}.Release|x64.Build.0 = Release|x64
		{258662ED-00F3-419B-8376-82E55C1B31B3}.Release|x86.ActiveCfg = Release|x86
		{258662ED-00F3-419B-8376-82E55C1B31B3}.Release|x86.Build.0 = Release|x86
		{AF16B827-D20C-4EAE-AFE5-E8A5BCD285B0}.Debug|Any CPU.ActiveCfg = Debug|Any CPU
		{AF16B827-D20C-4EAE-AFE5-E8A5BCD285B0}.Debug|Any CPU.Build.0 = Debug|Any CPU
		{AF16B827-D20C-4EAE-AFE5-E8A5BCD285B0}.Debug|x64.ActiveCfg = Debug|x64
		{AF16B827-D20C-4EAE-AFE5-E8A5BCD285B0}.Debug|x64.Build.0 = Debug|x64
		{AF16B827-D20C-4EAE-AFE5-E8A5BCD285B0}.Debug|x86.ActiveCfg = Debug|x86
		{AF16B827-D20C-4EAE-AFE5-E8A5BCD285B0}.Debug|x86.Build.0 = Debug|x86
		{AF16B827-D20C-4EAE-AFE5-E8A5BCD285B0}.Release|Any CPU.ActiveCfg = Release|Any CPU
		{AF16B827-D20C-4EAE-AFE5-E8A5BCD285B0}.Release|Any CPU.Build.0 = Release|Any CPU
		{AF16B827-D20C-4EAE-AFE5-E8A5BCD285B0}.Release|x64.ActiveCfg = Release|x64
		{AF16B827-D20C-4EAE-AFE5-E8A5BCD285B0}.Release|x64.Build.0 = Release|x64
		{AF16B827-D20C-4EAE-AFE5-E8A5BCD285B0}.Release|x86.ActiveCfg = Release|x86
		{AF16B827-D20C-4EAE-AFE5-E8A5BCD285B0}.Release|x86.Build.0 = Release|x86
		{5E032AC7-579C-40E2-B3E6-487F1FCFBBC8}.Debug|Any CPU.ActiveCfg = Debug|Any CPU
		{5E032AC7-579C-40E2-B3E6-487F1FCFBBC8}.Debug|Any CPU.Build.0 = Debug|Any CPU
		{5E032AC7-579C-40E2-B3E6-487F1FCFBBC8}.Debug|x64.ActiveCfg = Debug|x64
		{5E032AC7-579C-40E2-B3E6-487F1FCFBBC8}.Debug|x64.Build.0 = Debug|x64
		{5E032AC7-579C-40E2-B3E6-487F1FCFBBC8}.Debug|x86.ActiveCfg = Debug|x86
		{5E032AC7-579C-40E2-B3E6-487F1FCFBBC8}.Debug|x86.Build.0 = Debug|x86
		{5E032AC7-579C-40E2-B3E6-487F1FCFBBC8}.Release|Any CPU.ActiveCfg = Release|Any CPU
		{5E032AC7-579C-40E2-B3E6-487F1FCFBBC8}.Release|Any CPU.Build.0 = Release|Any CPU
		{5E032AC7-579C-40E2-B3E6-487F1FCFBBC8}.Release|x64.ActiveCfg = Release|x64
		{5E032AC7-579C-40E2-B3E6-487F1FCFBBC8}.Release|x64.Build.0 = Release|x64
		{5E032AC7-579C-40E2-B3E6-487F1FCFBBC8}.Release|x86.ActiveCfg = Release|x86
		{5E032AC7-579C-40E2-B3E6-487F1FCFBBC8}.Release|x86.Build.0 = Release|x86
	EndGlobalSection
	GlobalSection(NestedProjects) = preSolution
		{5092F55E-3AE3-400F-B90A-1A360C0E93C3} = {B0C8A432-C67A-4061-80E4-685F676FBD78}
		{629F24D4-A89B-4BBE-AE45-883166E10F5B} = {5092F55E-3AE3-400F-B90A-1A360C0E93C3}
		{258662ED-00F3-419B-8376-82E55C1B31B3} = {5092F55E-3AE3-400F-B90A-1A360C0E93C3}
		{AF16B827-D20C-4EAE-AFE5-E8A5BCD285B0} = {B0C8A432-C67A-4061-80E4-685F676FBD78}
		{5E032AC7-579C-40E2-B3E6-487F1FCFBBC8} = {5092F55E-3AE3-400F-B90A-1A360C0E93C3}
	EndGlobalSection
EndGlobal
